
Microsoft Visual Studio Solution File, Format Version 12.00
# Visual Studio 2013
VisualStudioVersion = 12.0.21005.1
MinimumVisualStudioVersion = 10.0.40219.1
Project("{FAE04EC0-301F-11D3-BF4B-00C04F79EFBC}") = "JuzzPig.MonoDroid.AMapSDK", "JuzzPig.MonoDroid.AMapSDK\JuzzPig.MonoDroid.AMapSDK.csproj", "{B9E3D331-FC02-42E4-BD6C-FA61B4EC6DFF}"
EndProject
Project("{FAE04EC0-301F-11D3-BF4B-00C04F79EFBC}") = "JuzzPig.AMap.Android.Demo", "JuzzPig.AMap.Android.Demo\JuzzPig.AMap.Android.Demo.csproj", "{1BD1FA27-1621-4CAF-A909-64F9907D9AAF}"
EndProject
Project("{FAE04EC0-301F-11D3-BF4B-00C04F79EFBC}") = "JuzzPig.MonoDroid.AMapLocationSDK", "JuzzPig.MonoDroid.AMapLocationSDK\JuzzPig.MonoDroid.AMapLocationSDK.csproj", "{3D443335-763F-4D78-9CB0-8F17789134B1}"
EndProject
Project("{2150E333-8FDC-42A3-9474-1A3956D46DE8}") = "说明", "说明", "{554B8C7D-7BAD-4465-8CF5-9BAED715F965}"
	ProjectSection(SolutionItems) = preProject
		说明.txt = 说明.txt
	EndProjectSection
EndProject
Global
	GlobalSection(SolutionConfigurationPlatforms) = preSolution
		Debug|Any CPU = Debug|Any CPU
		Release|Any CPU = Release|Any CPU
	EndGlobalSection
	GlobalSection(ProjectConfigurationPlatforms) = postSolution
		{B9E3D331-FC02-42E4-BD6C-FA61B4EC6DFF}.Debug|Any CPU.ActiveCfg = Debug|Any CPU
		{B9E3D331-FC02-42E4-BD6C-FA61B4EC6DFF}.Debug|Any CPU.Build.0 = Debug|Any CPU
		{B9E3D331-FC02-42E4-BD6C-FA61B4EC6DFF}.Release|Any CPU.ActiveCfg = Release|Any CPU
		{B9E3D331-FC02-42E4-BD6C-FA61B4EC6DFF}.Release|Any CPU.Build.0 = Release|Any CPU
		{1BD1FA27-1621-4CAF-A909-64F9907D9AAF}.Debug|Any CPU.ActiveCfg = Debug|Any CPU
		{1BD1FA27-1621-4CAF-A909-64F9907D9AAF}.Debug|Any CPU.Build.0 = Debug|Any CPU
		{1BD1FA27-1621-4CAF-A909-64F9907D9AAF}.Debug|Any CPU.Deploy.0 = Debug|Any CPU
		{1BD1FA27-1621-4CAF-A909-64F9907D9AAF}.Release|Any CPU.ActiveCfg = Release|Any CPU
		{1BD1FA27-1621-4CAF-A909-64F9907D9AAF}.Release|Any CPU.Build.0 = Release|Any CPU
		{1BD1FA27-1621-4CAF-A909-64F9907D9AAF}.Release|Any CPU.Deploy.0 = Release|Any CPU
		{3D443335-763F-4D78-9CB0-8F17789134B1}.Debug|Any CPU.ActiveCfg = Debug|Any CPU
		{3D443335-763F-4D78-9CB0-8F17789134B1}.Debug|Any CPU.Build.0 = Debug|Any CPU
		{3D443335-763F-4D78-9CB0-8F17789134B1}.Release|Any CPU.ActiveCfg = Release|Any CPU
		{3D443335-763F-4D78-9CB0-8F17789134B1}.Release|Any CPU.Build.0 = Release|Any CPU
	EndGlobalSection
	GlobalSection(SolutionProperties) = preSolution
		HideSolutionNode = FALSE
	EndGlobalSection
EndGlobal
